
Microsoft Visual Studio Solution File, Format Version 12.00
# Visual Studio 15
VisualStudioVersion = 15.0.28307.539
MinimumVisualStudioVersion = 10.0.40219.1
Project("{FAE04EC0-301F-11D3-BF4B-00C04F79EFBC}") = "ConsoleApp8", "ConsoleApp8\ConsoleApp8.csproj", "{7FF7786F-84D9-44B4-8F46-5A72C80A1105}"
EndProject
Global
	GlobalSection(SolutionConfigurationPlatforms) = preSolution
		Debug|Any CPU = Debug|Any CPU
		Release|Any CPU = Release|Any CPU
	EndGlobalSection
	GlobalSection(ProjectConfigurationPlatforms) = postSolution
		{7FF7786F-84D9-44B4-8F46-5A72C80A1105}.Debug|Any CPU.ActiveCfg = Debug|Any CPU
		{7FF7786F-84D9-44B4-8F46-5A72C80A1105}.Debug|Any CPU.Build.0 = Debug|Any CPU
		{7FF7786F-84D9-44B4-8F46-5A72C80A1105}.Release|Any CPU.ActiveCfg = Release|Any CPU
		{7FF7786F-84D9-44B4-8F46-5A72C80A1105}.Release|Any CPU.Build.0 = Release|Any CPU
	EndGlobalSection
	GlobalSection(SolutionProperties) = preSolution
		HideSolutionNode = FALSE
	EndGlobalSection
	GlobalSection(ExtensibilityGlobals) = postSolution
		SolutionGuid = {DFDBC587-184B-405D-BAE5-D087C6B40C0B}
	EndGlobalSection
EndGlobal
